{
  "name": "FrontEnd",
  "lockfileVersion": 2,
  "requires": true,
  "packages": {
    "": {
      "dependencies": {
        "delta-e": "^0.0.8"
      }
    },
    "node_modules/delta-e": {
      "version": "0.0.8",
      "resolved": "https://registry.npmjs.org/delta-e/-/delta-e-0.0.8.tgz",
      "integrity": "sha512-xIggbz7AoZLjwyV+BatfsKhWB1ejeh6vabM4KTJ2e7/d+TS0f7s87aUfkJ7B+MfniM6DD5VOWWlqcKXksp5mIg=="
    }
  },
  "dependencies": {
    "delta-e": {
      "version": "0.0.8",
      "resolved": "https://registry.npmjs.org/delta-e/-/delta-e-0.0.8.tgz",
      "integrity": "sha512-xIggbz7AoZLjwyV+BatfsKhWB1ejeh6vabM4KTJ2e7/d+TS0f7s87aUfkJ7B+MfniM6DD5VOWWlqcKXksp5mIg=="
    }
  }
}
